Microsoft Visual Studio Solution File, Format Version 7.00
Project("{FAE04EC0-301F-11D3-BF4B-00C04F79EFBC}") = "TwainGui", "TwainGui.csproj", "{CE179C13-DA23-42CD-9A6F-234E7F67BAF7}"
EndProject
Global
	GlobalSection(SolutionConfiguration) = preSolution
		ConfigName.0 = Debug
		ConfigName.1 = Release
	EndGlobalSection
	GlobalSection(ProjectDependencies) = postSolution
	EndGlobalSection
	GlobalSection(ProjectConfiguration) = postSolution
		{CE179C13-DA23-42CD-9A6F-234E7F67BAF7}.Debug.ActiveCfg = Debug|.NET
		{CE179C13-DA23-42CD-9A6F-234E7F67BAF7}.Debug.Build.0 = Debug|.NET
		{CE179C13-DA23-42CD-9A6F-234E7F67BAF7}.Release.ActiveCfg = Release|.NET
		{CE179C13-DA23-42CD-9A6F-234E7F67BAF7}.Release.Build.0 = Release|.NET
	EndGlobalSection
	GlobalSection(ExtensibilityGlobals) = postSolution
	EndGlobalSection
	GlobalSection(ExtensibilityAddIns) = postSolution
	EndGlobalSection
EndGlobal
